{
    "_meta": {
        "hash": {
            "sha256": "c2fa143c4059f03fae91f6a4f11fb73837ba557aa645e5048b67d6c1e3d85681"
        },
        "pipfile-spec": 6,
        "requires": {
            "python_version": "3.6"
        },
        "sources": [
            {
                "name": "pypi",
                "url": "https://pypi.org/simple",
                "verify_ssl": true
            }
        ]
    },
    "default": {
        "django": {
            "hashes": [
                "sha256:db2214db1c99017cbd971e58824e6f424375154fe358afc30e976f5b99fc6060",
                "sha256:e831105edb153af1324de44d06091ca75520a227456387dda4a47d2f1cc2731a"
            ],
            "index": "pypi",
            "version": "==2.2.22"
        },
        "django-extensions": {
            "hashes": [
                "sha256:a9db7c56a556d244184f589f2437b4228de86ee45e5ebb837fb20c6d54e95ea5",
                "sha256:b58320d3fe3d6ae7d1d8e38959713fa92272f4921e662d689058d942a5b444f7"
            ],
            "index": "pypi",
            "version": "==2.2.5"
        },
        "pygraphviz": {
            "hashes": [
                "sha256:50a829a305dc5a0fd1f9590748b19fece756093b581ac91e00c2c27c651d319d"
            ],
            "index": "pypi",
            "version": "==1.5"
        },
        "pytz": {
            "hashes": [
                "sha256:83a4a90894bf38e243cf052c8b58f381bfe9a7a483f6a9cab140bc7f702ac4da",
                "sha256:eb10ce3e7736052ed3623d49975ce333bcd712c7bb19a58b9e2089d4057d0798"
            ],
            "version": "==2021.1"
        },
        "six": {
            "hashes": [
                "sha256:1e61c37477a1626458e36f7b1d82aa5c9b094fa4802892072e49de9c60c4c926",
                "sha256:8abb2f1d86890a2dfb989f9a77cfcfd3e47c2a354b01111771326f8aa26e0254"
            ],
            "version": "==1.16.0"
        },
        "sqlparse": {
            "hashes": [
                "sha256:017cde379adbd6a1f15a61873f43e8274179378e95ef3fede90b5aa64d304ed0",
                "sha256:0f91fd2e829c44362cbcfab3e9ae12e22badaa8a29ad5ff599f9ec109f0454e8"
            ],
            "version": "==0.4.1"
        }
    },
    "develop": {}
}
